
Microsoft Visual Studio Solution File, Format Version 12.00
# Visual Studio 14
VisualStudioVersion = 14.0.25420.1
MinimumVisualStudioVersion = 10.0.40219.1
Project("{FAE04EC0-301F-11D3-BF4B-00C04F79EFBC}") = "InstaSharperDirect", "InstaSharperDirect\InstaSharperDirect.csproj", "{8039E7E6-21BF-4271-9C96-FE37D06ECE1D}"
EndProject
Project("{FAE04EC0-301F-11D3-BF4B-00C04F79EFBC}") = "ConsoleApplication1", "ConsoleApplication1\ConsoleApplication1.csproj", "{66D57B25-3710-48CA-9941-FBC407F4F13E}"
EndProject
Global
	GlobalSection(SolutionConfigurationPlatforms) = preSolution
		Debug|Any CPU = Debug|Any CPU
		Release|Any CPU = Release|Any CPU
	EndGlobalSection
	GlobalSection(ProjectConfigurationPlatforms) = postSolution
		{8039E7E6-21BF-4271-9C96-FE37D06ECE1D}.Debug|Any CPU.ActiveCfg = Debug|Any CPU
		{8039E7E6-21BF-4271-9C96-FE37D06ECE1D}.Debug|Any CPU.Build.0 = Debug|Any CPU
		{8039E7E6-21BF-4271-9C96-FE37D06ECE1D}.Release|Any CPU.ActiveCfg = Release|Any CPU
		{8039E7E6-21BF-4271-9C96-FE37D06ECE1D}.Release|Any CPU.Build.0 = Release|Any CPU
		{66D57B25-3710-48CA-9941-FBC407F4F13E}.Debug|Any CPU.ActiveCfg = Debug|Any CPU
		{66D57B25-3710-48CA-9941-FBC407F4F13E}.Debug|Any CPU.Build.0 = Debug|Any CPU
		{66D57B25-3710-48CA-9941-FBC407F4F13E}.Release|Any CPU.ActiveCfg = Release|Any CPU
		{66D57B25-3710-48CA-9941-FBC407F4F13E}.Release|Any CPU.Build.0 = Release|Any CPU
	EndGlobalSection
	GlobalSection(SolutionProperties) = preSolution
		HideSolutionNode = FALSE
	EndGlobalSection
EndGlobal
